
Microsoft Visual Studio Solution File, Format Version 12.00
# Visual Studio Version 16
VisualStudioVersion = 16.0.29230.47
MinimumVisualStudioVersion = 10.0.40219.1
Project("{FAE04EC0-301F-11D3-BF4B-00C04F79EFBC}") = "problem5", "problem5\problem5.csproj", "{B814504A-FC3B-4743-AB5D-1542CF71E979}"
EndProject
Global
	GlobalSection(SolutionConfigurationPlatforms) = preSolution
		Debug|Any CPU = Debug|Any CPU
		Release|Any CPU = Release|Any CPU
	EndGlobalSection
	GlobalSection(ProjectConfigurationPlatforms) = postSolution
		{B814504A-FC3B-4743-AB5D-1542CF71E979}.Debug|Any CPU.ActiveCfg = Debug|Any CPU
		{B814504A-FC3B-4743-AB5D-1542CF71E979}.Debug|Any CPU.Build.0 = Debug|Any CPU
		{B814504A-FC3B-4743-AB5D-1542CF71E979}.Release|Any CPU.ActiveCfg = Release|Any CPU
		{B814504A-FC3B-4743-AB5D-1542CF71E979}.Release|Any CPU.Build.0 = Release|Any CPU
	EndGlobalSection
	GlobalSection(SolutionProperties) = preSolution
		HideSolutionNode = FALSE
	EndGlobalSection
	GlobalSection(ExtensibilityGlobals) = postSolution
		SolutionGuid = {9CBDD763-5576-4ED0-B62C-7D399158461E}
	EndGlobalSection
EndGlobal
