
Microsoft Visual Studio Solution File, Format Version 12.00
# Visual Studio Version 16
VisualStudioVersion = 16.0.29230.47
MinimumVisualStudioVersion = 10.0.40219.1
Project("{FAE04EC0-301F-11D3-BF4B-00C04F79EFBC}") = "Problem13", "Problem13\Problem13.csproj", "{552013C9-6C8F-48A9-8EE1-2F1DF5429A2D}"
EndProject
Global
	GlobalSection(SolutionConfigurationPlatforms) = preSolution
		Debug|Any CPU = Debug|Any CPU
		Release|Any CPU = Release|Any CPU
	EndGlobalSection
	GlobalSection(ProjectConfigurationPlatforms) = postSolution
		{552013C9-6C8F-48A9-8EE1-2F1DF5429A2D}.Debug|Any CPU.ActiveCfg = Debug|Any CPU
		{552013C9-6C8F-48A9-8EE1-2F1DF5429A2D}.Debug|Any CPU.Build.0 = Debug|Any CPU
		{552013C9-6C8F-48A9-8EE1-2F1DF5429A2D}.Release|Any CPU.ActiveCfg = Release|Any CPU
		{552013C9-6C8F-48A9-8EE1-2F1DF5429A2D}.Release|Any CPU.Build.0 = Release|Any CPU
	EndGlobalSection
	GlobalSection(SolutionProperties) = preSolution
		HideSolutionNode = FALSE
	EndGlobalSection
	GlobalSection(ExtensibilityGlobals) = postSolution
		SolutionGuid = {D6DAF153-931D-4283-B65C-713A9872137F}
	EndGlobalSection
EndGlobal
