
Microsoft Visual Studio Solution File, Format Version 12.00
# Visual Studio Version 16
VisualStudioVersion = 16.0.29230.47
MinimumVisualStudioVersion = 10.0.40219.1
Project("{FAE04EC0-301F-11D3-BF4B-00C04F79EFBC}") = "problem!`6", "problem!`6\problem!`6.csproj", "{61A94BB9-9838-489D-96A2-FA5E4DE5F8D0}"
EndProject
Global
	GlobalSection(SolutionConfigurationPlatforms) = preSolution
		Debug|Any CPU = Debug|Any CPU
		Release|Any CPU = Release|Any CPU
	EndGlobalSection
	GlobalSection(ProjectConfigurationPlatforms) = postSolution
		{61A94BB9-9838-489D-96A2-FA5E4DE5F8D0}.Debug|Any CPU.ActiveCfg = Debug|Any CPU
		{61A94BB9-9838-489D-96A2-FA5E4DE5F8D0}.Debug|Any CPU.Build.0 = Debug|Any CPU
		{61A94BB9-9838-489D-96A2-FA5E4DE5F8D0}.Release|Any CPU.ActiveCfg = Release|Any CPU
		{61A94BB9-9838-489D-96A2-FA5E4DE5F8D0}.Release|Any CPU.Build.0 = Release|Any CPU
	EndGlobalSection
	GlobalSection(SolutionProperties) = preSolution
		HideSolutionNode = FALSE
	EndGlobalSection
	GlobalSection(ExtensibilityGlobals) = postSolution
		SolutionGuid = {6439C2A1-BCF9-4C64-A9E7-15FDC0B09F85}
	EndGlobalSection
EndGlobal
