
Microsoft Visual Studio Solution File, Format Version 12.00
# Visual Studio Version 16
VisualStudioVersion = 16.0.29230.47
MinimumVisualStudioVersion = 10.0.40219.1
Project("{FAE04EC0-301F-11D3-BF4B-00C04F79EFBC}") = "problem=2", "problem=2\problem=2.csproj", "{10781EF9-2FEA-4189-9986-4D19F7A1244A}"
EndProject
Global
	GlobalSection(SolutionConfigurationPlatforms) = preSolution
		Debug|Any CPU = Debug|Any CPU
		Release|Any CPU = Release|Any CPU
	EndGlobalSection
	GlobalSection(ProjectConfigurationPlatforms) = postSolution
		{10781EF9-2FEA-4189-9986-4D19F7A1244A}.Debug|Any CPU.ActiveCfg = Debug|Any CPU
		{10781EF9-2FEA-4189-9986-4D19F7A1244A}.Debug|Any CPU.Build.0 = Debug|Any CPU
		{10781EF9-2FEA-4189-9986-4D19F7A1244A}.Release|Any CPU.ActiveCfg = Release|Any CPU
		{10781EF9-2FEA-4189-9986-4D19F7A1244A}.Release|Any CPU.Build.0 = Release|Any CPU
	EndGlobalSection
	GlobalSection(SolutionProperties) = preSolution
		HideSolutionNode = FALSE
	EndGlobalSection
	GlobalSection(ExtensibilityGlobals) = postSolution
		SolutionGuid = {A0B86DCD-DF1C-4BE3-8E99-612AC366E80E}
	EndGlobalSection
EndGlobal
