
Microsoft Visual Studio Solution File, Format Version 12.00
# Visual Studio Version 16
VisualStudioVersion = 16.0.29230.47
MinimumVisualStudioVersion = 10.0.40219.1
Project("{FAE04EC0-301F-11D3-BF4B-00C04F79EFBC}") = "problem!4", "problem!4\problem!4.csproj", "{61BA2026-4C97-4EFD-8ECD-2AB113ED2801}"
EndProject
Global
	GlobalSection(SolutionConfigurationPlatforms) = preSolution
		Debug|Any CPU = Debug|Any CPU
		Release|Any CPU = Release|Any CPU
	EndGlobalSection
	GlobalSection(ProjectConfigurationPlatforms) = postSolution
		{61BA2026-4C97-4EFD-8ECD-2AB113ED2801}.Debug|Any CPU.ActiveCfg = Debug|Any CPU
		{61BA2026-4C97-4EFD-8ECD-2AB113ED2801}.Debug|Any CPU.Build.0 = Debug|Any CPU
		{61BA2026-4C97-4EFD-8ECD-2AB113ED2801}.Release|Any CPU.ActiveCfg = Release|Any CPU
		{61BA2026-4C97-4EFD-8ECD-2AB113ED2801}.Release|Any CPU.Build.0 = Release|Any CPU
	EndGlobalSection
	GlobalSection(SolutionProperties) = preSolution
		HideSolutionNode = FALSE
	EndGlobalSection
	GlobalSection(ExtensibilityGlobals) = postSolution
		SolutionGuid = {0B49A12A-D85A-4584-9740-D81A50F30DA5}
	EndGlobalSection
EndGlobal
