
Microsoft Visual Studio Solution File, Format Version 12.00
# Visual Studio Version 16
VisualStudioVersion = 16.0.29230.47
MinimumVisualStudioVersion = 10.0.40219.1
Project("{FAE04EC0-301F-11D3-BF4B-00C04F79EFBC}") = "problem10", "problem10\problem10.csproj", "{019DF1D3-6B18-4A35-906B-9F53D87998DC}"
EndProject
Global
	GlobalSection(SolutionConfigurationPlatforms) = preSolution
		Debug|Any CPU = Debug|Any CPU
		Release|Any CPU = Release|Any CPU
	EndGlobalSection
	GlobalSection(ProjectConfigurationPlatforms) = postSolution
		{019DF1D3-6B18-4A35-906B-9F53D87998DC}.Debug|Any CPU.ActiveCfg = Debug|Any CPU
		{019DF1D3-6B18-4A35-906B-9F53D87998DC}.Debug|Any CPU.Build.0 = Debug|Any CPU
		{019DF1D3-6B18-4A35-906B-9F53D87998DC}.Release|Any CPU.ActiveCfg = Release|Any CPU
		{019DF1D3-6B18-4A35-906B-9F53D87998DC}.Release|Any CPU.Build.0 = Release|Any CPU
	EndGlobalSection
	GlobalSection(SolutionProperties) = preSolution
		HideSolutionNode = FALSE
	EndGlobalSection
	GlobalSection(ExtensibilityGlobals) = postSolution
		SolutionGuid = {04661DB4-A248-4FFC-9E9A-4EAF5DB62BF8}
	EndGlobalSection
EndGlobal
