
Microsoft Visual Studio Solution File, Format Version 12.00
# Visual Studio Version 16
VisualStudioVersion = 16.0.29230.47
MinimumVisualStudioVersion = 10.0.40219.1
Project("{FAE04EC0-301F-11D3-BF4B-00C04F79EFBC}") = "Problem12", "Problem12\Problem12.csproj", "{8A4AD9CF-7862-404B-B107-9F843E87025D}"
EndProject
Global
	GlobalSection(SolutionConfigurationPlatforms) = preSolution
		Debug|Any CPU = Debug|Any CPU
		Release|Any CPU = Release|Any CPU
	EndGlobalSection
	GlobalSection(ProjectConfigurationPlatforms) = postSolution
		{8A4AD9CF-7862-404B-B107-9F843E87025D}.Debug|Any CPU.ActiveCfg = Debug|Any CPU
		{8A4AD9CF-7862-404B-B107-9F843E87025D}.Debug|Any CPU.Build.0 = Debug|Any CPU
		{8A4AD9CF-7862-404B-B107-9F843E87025D}.Release|Any CPU.ActiveCfg = Release|Any CPU
		{8A4AD9CF-7862-404B-B107-9F843E87025D}.Release|Any CPU.Build.0 = Release|Any CPU
	EndGlobalSection
	GlobalSection(SolutionProperties) = preSolution
		HideSolutionNode = FALSE
	EndGlobalSection
	GlobalSection(ExtensibilityGlobals) = postSolution
		SolutionGuid = {F3C9ABF5-25DC-4B6C-9B97-BEE4A67825EA}
	EndGlobalSection
EndGlobal
