
Microsoft Visual Studio Solution File, Format Version 12.00
# Visual Studio Version 16
VisualStudioVersion = 16.0.29230.47
MinimumVisualStudioVersion = 10.0.40219.1
Project("{FAE04EC0-301F-11D3-BF4B-00C04F79EFBC}") = "problem!2", "problem!2\problem!2.csproj", "{175A7AD4-8E95-4A58-8BE5-6C2201F20217}"
EndProject
Global
	GlobalSection(SolutionConfigurationPlatforms) = preSolution
		Debug|Any CPU = Debug|Any CPU
		Release|Any CPU = Release|Any CPU
	EndGlobalSection
	GlobalSection(ProjectConfigurationPlatforms) = postSolution
		{175A7AD4-8E95-4A58-8BE5-6C2201F20217}.Debug|Any CPU.ActiveCfg = Debug|Any CPU
		{175A7AD4-8E95-4A58-8BE5-6C2201F20217}.Debug|Any CPU.Build.0 = Debug|Any CPU
		{175A7AD4-8E95-4A58-8BE5-6C2201F20217}.Release|Any CPU.ActiveCfg = Release|Any CPU
		{175A7AD4-8E95-4A58-8BE5-6C2201F20217}.Release|Any CPU.Build.0 = Release|Any CPU
	EndGlobalSection
	GlobalSection(SolutionProperties) = preSolution
		HideSolutionNode = FALSE
	EndGlobalSection
	GlobalSection(ExtensibilityGlobals) = postSolution
		SolutionGuid = {2838A131-31E6-4374-B036-5EA10AC1BC7A}
	EndGlobalSection
EndGlobal
